
Microsoft Visual Studio Solution File, Format Version 12.00
# Visual Studio Version 17
VisualStudioVersion = 17.0.31903.59
MinimumVisualStudioVersion = 10.0.40219.1
Project("{FAE04EC0-301F-11D3-BF4B-00C04F79EFBC}") = "RECS.Compiler", "RECS.Compiler\RECS.Compiler.csproj", "{E2413B52-A850-4809-A6F3-6A73EEFBDC3C}"
EndProject
Project("{FAE04EC0-301F-11D3-BF4B-00C04F79EFBC}") = "RECS.Engine", "RECS.Engine\RECS.Engine.csproj", "{B3E254BE-A607-48CF-92CB-DF45BED1363C}"
EndProject
Project("{FAE04EC0-301F-11D3-BF4B-00C04F79EFBC}") = "RECS.Core", "RECS.Core\RECS.Core.csproj", "{7E52B625-26B4-43D4-972B-763BECD767E3}"
EndProject
Project("{FAE04EC0-301F-11D3-BF4B-00C04F79EFBC}") = "RECS.Core.Tests", "RECS.Core.Tests\RECS.Core.Tests.csproj", "{B7627C9F-23C9-4F71-BC4A-91FC730E4EBC}"
EndProject
Project("{FAE04EC0-301F-11D3-BF4B-00C04F79EFBC}") = "RECS.Compiler.Tests", "RECS.Compiler.Tests\RECS.Compiler.Tests.csproj", "{C0AAC3E8-2D56-4474-899E-74EE72C5FB7D}"
EndProject
Project("{FAE04EC0-301F-11D3-BF4B-00C04F79EFBC}") = "RECS.Engine.Tests", "RECS.Engine.Tests\RECS.Engine.Tests.csproj", "{AF1966ED-DA79-4BE4-AA4E-11CCFC915362}"
EndProject
Global
	GlobalSection(SolutionConfigurationPlatforms) = preSolution
		Debug|Any CPU = Debug|Any CPU
		Release|Any CPU = Release|Any CPU
	EndGlobalSection
	GlobalSection(SolutionProperties) = preSolution
		HideSolutionNode = FALSE
	EndGlobalSection
	GlobalSection(ProjectConfigurationPlatforms) = postSolution
		{E2413B52-A850-4809-A6F3-6A73EEFBDC3C}.Debug|Any CPU.ActiveCfg = Debug|Any CPU
		{E2413B52-A850-4809-A6F3-6A73EEFBDC3C}.Debug|Any CPU.Build.0 = Debug|Any CPU
		{E2413B52-A850-4809-A6F3-6A73EEFBDC3C}.Release|Any CPU.ActiveCfg = Release|Any CPU
		{E2413B52-A850-4809-A6F3-6A73EEFBDC3C}.Release|Any CPU.Build.0 = Release|Any CPU
		{B3E254BE-A607-48CF-92CB-DF45BED1363C}.Debug|Any CPU.ActiveCfg = Debug|Any CPU
		{B3E254BE-A607-48CF-92CB-DF45BED1363C}.Debug|Any CPU.Build.0 = Debug|Any CPU
		{B3E254BE-A607-48CF-92CB-DF45BED1363C}.Release|Any CPU.ActiveCfg = Release|Any CPU
		{B3E254BE-A607-48CF-92CB-DF45BED1363C}.Release|Any CPU.Build.0 = Release|Any CPU
		{7E52B625-26B4-43D4-972B-763BECD767E3}.Debug|Any CPU.ActiveCfg = Debug|Any CPU
		{7E52B625-26B4-43D4-972B-763BECD767E3}.Debug|Any CPU.Build.0 = Debug|Any CPU
		{7E52B625-26B4-43D4-972B-763BECD767E3}.Release|Any CPU.ActiveCfg = Release|Any CPU
		{7E52B625-26B4-43D4-972B-763BECD767E3}.Release|Any CPU.Build.0 = Release|Any CPU
		{C0AAC3E8-2D56-4474-899E-74EE72C5FB7D}.Debug|Any CPU.ActiveCfg = Debug|Any CPU
		{C0AAC3E8-2D56-4474-899E-74EE72C5FB7D}.Debug|Any CPU.Build.0 = Debug|Any CPU
		{C0AAC3E8-2D56-4474-899E-74EE72C5FB7D}.Release|Any CPU.ActiveCfg = Release|Any CPU
		{C0AAC3E8-2D56-4474-899E-74EE72C5FB7D}.Release|Any CPU.Build.0 = Release|Any CPU
		{AF1966ED-DA79-4BE4-AA4E-11CCFC915362}.Debug|Any CPU.ActiveCfg = Debug|Any CPU
		{AF1966ED-DA79-4BE4-AA4E-11CCFC915362}.Debug|Any CPU.Build.0 = Debug|Any CPU
		{AF1966ED-DA79-4BE4-AA4E-11CCFC915362}.Release|Any CPU.ActiveCfg = Release|Any CPU
		{AF1966ED-DA79-4BE4-AA4E-11CCFC915362}.Release|Any CPU.Build.0 = Release|Any CPU
	EndGlobalSection
EndGlobal
