
Microsoft Visual Studio Solution File, Format Version 12.00
# Visual Studio Version 17
VisualStudioVersion = 17.12.35424.110 d17.12
MinimumVisualStudioVersion = 10.0.40219.1
Project("{FAE04EC0-301F-11D3-BF4B-00C04F79EFBC}") = "RECS.Compiler", "RECS.Compiler\RECS.Compiler.csproj", "{9AC094ED-E4FC-41B5-BD51-A8244343A9B7}"
EndProject
Project("{FAE04EC0-301F-11D3-BF4B-00C04F79EFBC}") = "RECS.Engine", "RECS.Engine\RECS.Engine.csproj", "{86CD2A4B-7C01-462F-AD3B-62195A5D4759}"
EndProject
Project("{FAE04EC0-301F-11D3-BF4B-00C04F79EFBC}") = "RECS.Runtime", "RECS.Runtime\RECS.Runtime.csproj", "{71665215-E6ED-4206-B02E-193CE6B27797}"
EndProject
Project("{FAE04EC0-301F-11D3-BF4B-00C04F79EFBC}") = "RECS.Common", "RECS.Common\RECS.Common.csproj", "{1827CB24-0924-48CA-BCD7-35D7DFC8E626}"
EndProject
Project("{FAE04EC0-301F-11D3-BF4B-00C04F79EFBC}") = "RECS.Tests", "RECS.Tests\RECS.Tests.csproj", "{41C83569-2AF5-40BC-A893-ABFC17AF005E}"
EndProject
Project("{2150E333-8FDC-42A3-9474-1A3956D46DE8}") = "Configurations", "Configurations", "{6AD1ED6F-7C0E-4587-B4A1-063267BB4B94}"
	ProjectSection(SolutionItems) = preProject
		RECSRulesSchema.json = RECSRulesSchema.json
	EndProjectSection
EndProject
Project("{2150E333-8FDC-42A3-9474-1A3956D46DE8}") = "Scripts", "Scripts", "{92782CF9-661F-4B62-8811-C34653BE7670}"
EndProject
Project("{2150E333-8FDC-42A3-9474-1A3956D46DE8}") = "Docs", "Docs", "{6DDADAE5-932A-4A0D-9ECC-8397067A7EFD}"
EndProject
Project("{2150E333-8FDC-42A3-9474-1A3956D46DE8}") = "Examples", "Examples", "{1B4DAF8F-8090-495C-8322-163A8CCD7DE7}"
EndProject
Project("{2150E333-8FDC-42A3-9474-1A3956D46DE8}") = "Logs", "Logs", "{28B48EB1-1316-4288-B1CF-351E5C0470FF}"
EndProject
Global
	GlobalSection(SolutionConfigurationPlatforms) = preSolution
		Debug|Any CPU = Debug|Any CPU
		Release|Any CPU = Release|Any CPU
	EndGlobalSection
	GlobalSection(ProjectConfigurationPlatforms) = postSolution
		{9AC094ED-E4FC-41B5-BD51-A8244343A9B7}.Debug|Any CPU.ActiveCfg = Debug|Any CPU
		{9AC094ED-E4FC-41B5-BD51-A8244343A9B7}.Debug|Any CPU.Build.0 = Debug|Any CPU
		{9AC094ED-E4FC-41B5-BD51-A8244343A9B7}.Release|Any CPU.ActiveCfg = Release|Any CPU
		{9AC094ED-E4FC-41B5-BD51-A8244343A9B7}.Release|Any CPU.Build.0 = Release|Any CPU
		{86CD2A4B-7C01-462F-AD3B-62195A5D4759}.Debug|Any CPU.ActiveCfg = Debug|Any CPU
		{86CD2A4B-7C01-462F-AD3B-62195A5D4759}.Debug|Any CPU.Build.0 = Debug|Any CPU
		{86CD2A4B-7C01-462F-AD3B-62195A5D4759}.Release|Any CPU.ActiveCfg = Release|Any CPU
		{86CD2A4B-7C01-462F-AD3B-62195A5D4759}.Release|Any CPU.Build.0 = Release|Any CPU
		{71665215-E6ED-4206-B02E-193CE6B27797}.Debug|Any CPU.ActiveCfg = Debug|Any CPU
		{71665215-E6ED-4206-B02E-193CE6B27797}.Debug|Any CPU.Build.0 = Debug|Any CPU
		{71665215-E6ED-4206-B02E-193CE6B27797}.Release|Any CPU.ActiveCfg = Release|Any CPU
		{71665215-E6ED-4206-B02E-193CE6B27797}.Release|Any CPU.Build.0 = Release|Any CPU
		{1827CB24-0924-48CA-BCD7-35D7DFC8E626}.Debug|Any CPU.ActiveCfg = Debug|Any CPU
		{1827CB24-0924-48CA-BCD7-35D7DFC8E626}.Debug|Any CPU.Build.0 = Debug|Any CPU
		{1827CB24-0924-48CA-BCD7-35D7DFC8E626}.Release|Any CPU.ActiveCfg = Release|Any CPU
		{1827CB24-0924-48CA-BCD7-35D7DFC8E626}.Release|Any CPU.Build.0 = Release|Any CPU
		{41C83569-2AF5-40BC-A893-ABFC17AF005E}.Debug|Any CPU.ActiveCfg = Debug|Any CPU
		{41C83569-2AF5-40BC-A893-ABFC17AF005E}.Debug|Any CPU.Build.0 = Debug|Any CPU
		{41C83569-2AF5-40BC-A893-ABFC17AF005E}.Release|Any CPU.ActiveCfg = Release|Any CPU
		{41C83569-2AF5-40BC-A893-ABFC17AF005E}.Release|Any CPU.Build.0 = Release|Any CPU
	EndGlobalSection
	GlobalSection(SolutionProperties) = preSolution
		HideSolutionNode = FALSE
	EndGlobalSection
EndGlobal
